lockfileVersion: '6.0'

settings:
  autoInstallPeers: true
  excludeLinksFromLockfile: false

dependencies:
  '@ezuikit/control-aichat':
    specifier: 0.1.0-beta.3
    version: 0.1.0-beta.3
  '@ezuikit/control-alarm-message':
    specifier: 0.0.1-beta.2
    version: 0.0.1-beta.2
  '@ezuikit/control-broadcast':
    specifier: 0.1.0-beta.3
    version: 0.1.0-beta.3
  '@ezuikit/control-talk':
    specifier: 0.1.0-beta.3
    version: 0.1.0-beta.3
  '@ezuikit/player-ezopen':
    specifier: 9.0.5-beta.7
    version: 9.0.5-beta.7
  '@ezuikit/utils-collect':
    specifier: 0.1.1
    version: 0.1.1
  '@ezuikit/utils-i18n':
    specifier: 2.0.0
    version: 2.0.0
  '@ezuikit/utils-logger':
    specifier: 2.0.0
    version: 2.0.0
  '@ezuikit/utils-tools':
    specifier: 2.0.3
    version: 2.0.3
  '@juggle/resize-observer':
    specifier: ^3.4.0
    version: 3.4.0
  '@skax/delegate':
    specifier: 4.0.2
    version: 4.0.2
  abortcontroller-polyfill:
    specifier: ^1.7.5
    version: 1.7.8
  debounce-promise:
    specifier: ^3.1.2
    version: 3.1.2
  deepmerge:
    specifier: ^4.3.1
    version: 4.3.1
  formdata-polyfill:
    specifier: ^4.0.10
    version: 4.0.10
  screenfull:
    specifier: ^5.2.0
    version: 5.2.0

packages:

  /@ezuikit/control-aichat@0.1.0-beta.3:
    resolution: {integrity: sha512-OxcVQXYicX7i+PV1OsasoEtTFya52nXDj3cH+T89MNv3ErzStzpJP3kJ7wtxSWtHeHe3r/N8eis9Mr+k+NbgSQ==}
    dependencies:
      '@ezuikit/utils-i18n': 2.0.0
    dev: false

  /@ezuikit/control-alarm-message@0.0.1-beta.2:
    resolution: {integrity: sha512-LnlqI4LToBM2HWJM/D1yzvgDALUjkuyYt4YPYRVMoSW6vzm0B+rBBmrHp4gFyMvJ0FHvadumenMp+xXeggLYwQ==}
    dependencies:
      eventemitter3: 5.0.1
    dev: false

  /@ezuikit/control-broadcast@0.1.0-beta.3:
    resolution: {integrity: sha512-Ch8Dj6MgR/RHSc1ZV4xITU9RB0QkjY3XGNspVfFOSN6ufUAriCl4s5ZzcMUPfE0TEXN+9J5y5IWJ7HibTP218Q==}
    dependencies:
      '@ezuikit/utils-i18n': 2.0.0
    dev: false

  /@ezuikit/control-talk@0.1.0-beta.3:
    resolution: {integrity: sha512-OuZDDAMsvQZuDFHEoO8bypJcrjxHS52tcUaheaLjCGffXyUK3PzpGUUJo6KT7GZi2YRWp8gXkDtabFI/3cYROg==}
    dependencies:
      '@ezuikit/utils-i18n': 2.0.0
    dev: false

  /@ezuikit/player-ezopen@9.0.5-beta.7:
    resolution: {integrity: sha512-oQx0dAPYCvf5jGTCeMJCjEK7oJFy2P4IdXg0CIa1bcJdVOI97m9WpS33F9zGZ4NPQ4H3yrJWSdBVkEfuZTcvLA==}
    dependencies:
      '@ezuikit/player-plugin-record': 9.0.3-beta.1
      '@ezuikit/utils-i18n': 2.0.0
      '@ezuikit/utils-logger': 2.0.0
      '@ezuikit/utils-service': 1.0.1
      '@ezuikit/utils-tools': 2.0.3
      dayjs: 1.11.13
      deepmerge: 4.3.1
      eventemitter3: 5.0.1
      screenfull: 5.2.0
      ua-parser-js: 1.0.37
    dev: false

  /@ezuikit/player-plugin-record@9.0.3-beta.1:
    resolution: {integrity: sha512-qsQSAuqg9XwugNfvuc6F6YKWoFhO8IQVyxmtpWrrwF8anWp2Egz7t0ZObv4Bh9sHabFu9ct8A5eLtwF/XCkk3w==}
    dev: false

  /@ezuikit/utils-collect@0.1.1:
    resolution: {integrity: sha512-BgEOnTtAq8rQRBAKv5rLXbQLGOnfOZ6NS0QTmiviey80JbMJlxrLiqmjL5lxvkm4JtCcXCtSgPA4tskQKN4eDA==}
    dev: false

  /@ezuikit/utils-i18n@2.0.0:
    resolution: {integrity: sha512-gMkfdwFTRk3bAkUVWRGPyEsQl4aIImBpQp732aSSHA75LFPi1MmdaB2Xf34OeC+4v+Anpbt75vviCpUrKPMKlQ==}
    dependencies:
      deepmerge: 4.3.1
    dev: false

  /@ezuikit/utils-logger@2.0.0:
    resolution: {integrity: sha512-xtq7Vwle75pfA1UfmcsO2cAdqu9n04fxXDu32fpta7A99ENgyk8saK1NRxeiLnqQHdibaIAmrIbfehgLAH6ecQ==}
    dev: false

  /@ezuikit/utils-service@1.0.1:
    resolution: {integrity: sha512-iNjYuU7AScBJxvKBM9PjiGI2y64QJNPT/H1Fy/Y7ZIAlw4DO//TP+x50qCho+i+EOUpWLtOqBQvtRb7a0O4X4Q==}
    dependencies:
      '@ezuikit/utils-tools': 1.1.0
      dayjs: 1.11.13
    dev: false

  /@ezuikit/utils-tools@1.1.0:
    resolution: {integrity: sha512-mujPtXIhZnuJrJySu1/Z6X90sMJQStZydurZcfetMCH6pqIYN4P+1w6+P8PCTR6k4LJp5nY9+eNnKa7AZ8OBKA==}
    dev: false

  /@ezuikit/utils-tools@2.0.3:
    resolution: {integrity: sha512-YvUGDU1ikjSc5YjQLh6kQWGBOpqkOczb3HiocWm7FOk9grW6IAGd3RbRu0e+XyWT20nefcEpbIhRwOYsTejjnA==}
    dev: false

  /@juggle/resize-observer@3.4.0:
    resolution: {integrity: sha512-dfLbk+PwWvFzSxwk3n5ySL0hfBog779o8h68wK/7/APo/7cgyWp5jcXockbxdk5kFRkbeXWm4Fbi9FrdN381sA==}
    dev: false

  /@skax/delegate@4.0.2:
    resolution: {integrity: sha512-8imP+fGESjlbU4mFhZMEuR3/qmYVtqQjXXzZ/C/imbzKqyaMWYpEDqQXNf6yGHzWHUJhZwn5AWNm645U1GjQsQ==}
    dev: false

  /abortcontroller-polyfill@1.7.8:
    resolution: {integrity: sha512-9f1iZ2uWh92VcrU9Y8x+LdM4DLj75VE0MJB8zuF1iUnroEptStw+DQ8EQPMUdfe5k+PkB1uUfDQfWbhstH8LrQ==}
    dev: false

  /dayjs@1.11.13:
    resolution: {integrity: sha512-oaMBel6gjolK862uaPQOVTA7q3TZhuSvuMQAAglQDOWYO9A91IrAOUJEyKVlqJlHE0vq5p5UXxzdPfMH/x6xNg==}
    dev: false

  /debounce-promise@3.1.2:
    resolution: {integrity: sha512-rZHcgBkbYavBeD9ej6sP56XfG53d51CD4dnaw989YX/nZ/ZJfgRx/9ePKmTNiUiyQvh4mtrMoS3OAWW+yoYtpg==}
    dev: false

  /deepmerge@4.3.1:
    resolution: {integrity: sha512-3sUqbMEc77XqpdNO7FRyRog+eW3ph+GYCbj+rK+uYyRMuwsVy0rMiVtPn+QJlKFvWP/1PYpapqYn0Me2knFn+A==}
    engines: {node: '>=0.10.0'}
    dev: false

  /eventemitter3@5.0.1:
    resolution: {integrity: sha512-GWkBvjiSZK87ELrYOSESUYeVIc9mvLLf/nXalMOS5dYrgZq9o5OVkbZAVM06CVxYsCwH9BDZFPlQTlPA1j4ahA==}
    dev: false

  /fetch-blob@3.2.0:
    resolution: {integrity: sha512-7yAQpD2UMJzLi1Dqv7qFYnPbaPx7ZfFK6PiIxQ4PfkGPyNyl2Ugx+a/umUonmKqjhM4DnfbMvdX6otXq83soQQ==}
    engines: {node: ^12.20 || >= 14.13}
    dependencies:
      node-domexception: 1.0.0
      web-streams-polyfill: 3.3.3
    dev: false

  /formdata-polyfill@4.0.10:
    resolution: {integrity: sha512-buewHzMvYL29jdeQTVILecSaZKnt/RJWjoZCF5OW60Z67/GmSLBkOFM7qh1PI3zFNtJbaZL5eQu1vLfazOwj4g==}
    engines: {node: '>=12.20.0'}
    dependencies:
      fetch-blob: 3.2.0
    dev: false

  /node-domexception@1.0.0:
    resolution: {integrity: sha512-/jKZoMpw0F8GRwl4/eLROPA3cfcXtLApP0QzLmUT/HuPCZWyB7IY9ZrMeKw2O/nFIqPQB3PVM9aYm0F312AXDQ==}
    engines: {node: '>=10.5.0'}
    dev: false

  /screenfull@5.2.0:
    resolution: {integrity: sha512-9BakfsO2aUQN2K9Fdbj87RJIEZ82Q9IGim7FqM5OsebfoFC6ZHXgDq/KvniuLTPdeM8wY2o6Dj3WQ7KeQCj3cA==}
    engines: {node: '>=0.10.0'}
    dev: false

  /ua-parser-js@1.0.37:
    resolution: {integrity: sha512-bhTyI94tZofjo+Dn8SN6Zv8nBDvyXTymAdM3LDI/0IboIUwTu1rEhW7v2TfiVsoYWgkQ4kOVqnI8APUFbIQIFQ==}
    dev: false

  /web-streams-polyfill@3.3.3:
    resolution: {integrity: sha512-d2JWLCivmZYTSIoge9MsgFCZrt571BikcWGYkjC1khllbTeDlGqZ2D8vD8E/lJa8WGWbb7Plm8/XJYV7IJHZZw==}
    engines: {node: '>= 8'}
    dev: false
