# THIS IS AN AUTOGENERATED FILE. DO NOT EDIT THIS FILE DIRECTLY.
# yarn lockfile v1


"@ezuikit/control-aichat@0.1.1-beta.1":
  version "0.1.1-beta.1"
  resolved "https://registry.yarnpkg.com/@ezuikit/control-aichat/-/control-aichat-0.1.1-beta.1.tgz#41c980cab7e879092c8f5793184b7438596daf83"
  integrity sha512-vj5u4QnxGIbeVN1kIyDTifV1gFUTd4Pnz5JeAA8OlYexY0FcHCaKNarXDIBFVJwppAxdkrXMW6AuAlURr2lfUw==
  dependencies:
    "@ezuikit/utils-i18n" "^2.0.1"

"@ezuikit/player-ezopen@9.0.9-beta.5":
  version "9.0.9-beta.5"
  resolved "https://registry.yarnpkg.com/@ezuikit/player-ezopen/-/player-ezopen-9.0.9-beta.5.tgz#9aee224a768fcdc64b64bafec94d19d8fac58662"
  integrity sha512-sM7joGejhhhuG6bJb1J0LuVvawVOXsqLjMtec40H3Ba9VysB4R+f8skyZaDyoKIMIpKNNcNo0SojitNrdgzpjg==
  dependencies:
    "@ezuikit/player-plugin-record" "9.2.0-beta.1"
    "@ezuikit/utils-i18n" "^2.0.1"
    "@ezuikit/utils-logger" "^2.1.0"
    "@ezuikit/utils-service" "2.0.0"
    "@ezuikit/utils-tools" "^2.0.7"
    dayjs "^1.11.10"
    deepmerge "^4.3.1"
    eventemitter3 "^5.0.1"
    screenfull "^5.2.0"
    ua-parser-js "1.0.37"

"@ezuikit/player-plugin-record@9.2.0-beta.1":
  version "9.2.0-beta.1"
  resolved "https://registry.yarnpkg.com/@ezuikit/player-plugin-record/-/player-plugin-record-9.2.0-beta.1.tgz#18e230f27e78c7d8745572f3c9d5083ca02c38bd"
  integrity sha512-SA7IlSckKfoW73QhW9CjirnSRQHYYgstLIAhWzbL9/rvhj0AJ84NgvzRfySN10pkk7lZ485XQQwyBJgZFbz/6w==
  dependencies:
    "@ezuikit/utils-tools" "^2.0.6"

"@ezuikit/utils-collect@0.1.1":
  version "0.1.1"
  resolved "https://registry.yarnpkg.com/@ezuikit/utils-collect/-/utils-collect-0.1.1.tgz#b9b49b1a2ef762c1d33b8a154bdd571e9cd965da"
  integrity sha512-BgEOnTtAq8rQRBAKv5rLXbQLGOnfOZ6NS0QTmiviey80JbMJlxrLiqmjL5lxvkm4JtCcXCtSgPA4tskQKN4eDA==

"@ezuikit/utils-i18n@2.0.1", "@ezuikit/utils-i18n@^2.0.1":
  version "2.0.1"
  resolved "https://registry.yarnpkg.com/@ezuikit/utils-i18n/-/utils-i18n-2.0.1.tgz#e4a5d0b921763ab5554cedc02fb8e058f4640802"
  integrity sha512-846z2bDpCxioTBO3KG8Uw8QUFa6hzquSzmZKWPO6fjT3P4v6zNnXRz+Z3JCPlXnc4eesi03A+JmMAU6m5KI4gg==
  dependencies:
    deepmerge "^4.3.1"

"@ezuikit/utils-logger@2.1.0", "@ezuikit/utils-logger@^2.1.0":
  version "2.1.0"
  resolved "https://registry.yarnpkg.com/@ezuikit/utils-logger/-/utils-logger-2.1.0.tgz#d65b0277cc35a4e7f2596e7d135e5a4fd653dc3f"
  integrity sha512-Kj/vTddGWhRhOApo/QmesxqEPxkSwhwakQGZx3b3xLI8Dou2NMg8iNA+9aXU4jT5uT13TmdCn0oMC8Kbq6BMGQ==

"@ezuikit/utils-service@2.0.0":
  version "2.0.0"
  resolved "https://registry.yarnpkg.com/@ezuikit/utils-service/-/utils-service-2.0.0.tgz#1c4365b12c60f2bdca8221361b5ca4d6f3ec2cd4"
  integrity sha512-CBCPMw3uwd/vCh/YS+fZPMJrmg0LmCPO5bVkAon6VxjJJxwpVNcVb15sNbZyGR52JYt3wq7UEhnqHMprHnCSEA==
  dependencies:
    "@ezuikit/utils-tools" "^2.0.5"

"@ezuikit/utils-tools@2.0.7", "@ezuikit/utils-tools@^2.0.5", "@ezuikit/utils-tools@^2.0.6", "@ezuikit/utils-tools@^2.0.7":
  version "2.0.7"
  resolved "https://registry.yarnpkg.com/@ezuikit/utils-tools/-/utils-tools-2.0.7.tgz#96053009c89a894242deda4e1bd2bfed9c229603"
  integrity sha512-phxKRP17FunG0cwLLK951V18x96EzwO5XSfZ+FfI4jv8agbujV5HtY709lpXM0H5j4XC7pZryT70wjdRFASQgA==

"@juggle/resize-observer@^3.4.0":
  version "3.4.0"
  resolved "https://registry.yarnpkg.com/@juggle/resize-observer/-/resize-observer-3.4.0.tgz#08d6c5e20cf7e4cc02fd181c4b0c225cd31dbb60"
  integrity sha512-dfLbk+PwWvFzSxwk3n5ySL0hfBog779o8h68wK/7/APo/7cgyWp5jcXockbxdk5kFRkbeXWm4Fbi9FrdN381sA==

"@skax/delegate@4.0.2":
  version "4.0.2"
  resolved "https://registry.yarnpkg.com/@skax/delegate/-/delegate-4.0.2.tgz#c1bdd1e195e414bb56153d697d9e0c431084afcb"
  integrity sha512-8imP+fGESjlbU4mFhZMEuR3/qmYVtqQjXXzZ/C/imbzKqyaMWYpEDqQXNf6yGHzWHUJhZwn5AWNm645U1GjQsQ==

abortcontroller-polyfill@^1.7.5:
  version "1.7.8"
  resolved "https://registry.yarnpkg.com/abortcontroller-polyfill/-/abortcontroller-polyfill-1.7.8.tgz#fe8d4370403f02e2aa37e3d2b0b178bae9d83f49"
  integrity sha512-9f1iZ2uWh92VcrU9Y8x+LdM4DLj75VE0MJB8zuF1iUnroEptStw+DQ8EQPMUdfe5k+PkB1uUfDQfWbhstH8LrQ==

dayjs@^1.11.10:
  version "1.11.13"
  resolved "https://registry.yarnpkg.com/dayjs/-/dayjs-1.11.13.tgz#92430b0139055c3ebb60150aa13e860a4b5a366c"
  integrity sha512-oaMBel6gjolK862uaPQOVTA7q3TZhuSvuMQAAglQDOWYO9A91IrAOUJEyKVlqJlHE0vq5p5UXxzdPfMH/x6xNg==

debounce-promise@^3.1.2:
  version "3.1.2"
  resolved "https://registry.yarnpkg.com/debounce-promise/-/debounce-promise-3.1.2.tgz#320fb8c7d15a344455cd33cee5ab63530b6dc7c5"
  integrity sha512-rZHcgBkbYavBeD9ej6sP56XfG53d51CD4dnaw989YX/nZ/ZJfgRx/9ePKmTNiUiyQvh4mtrMoS3OAWW+yoYtpg==

deepmerge@^4.3.1:
  version "4.3.1"
  resolved "https://registry.yarnpkg.com/deepmerge/-/deepmerge-4.3.1.tgz#44b5f2147cd3b00d4b56137685966f26fd25dd4a"
  integrity sha512-3sUqbMEc77XqpdNO7FRyRog+eW3ph+GYCbj+rK+uYyRMuwsVy0rMiVtPn+QJlKFvWP/1PYpapqYn0Me2knFn+A==

eventemitter3@^5.0.1:
  version "5.0.1"
  resolved "https://registry.yarnpkg.com/eventemitter3/-/eventemitter3-5.0.1.tgz#53f5ffd0a492ac800721bb42c66b841de96423c4"
  integrity sha512-GWkBvjiSZK87ELrYOSESUYeVIc9mvLLf/nXalMOS5dYrgZq9o5OVkbZAVM06CVxYsCwH9BDZFPlQTlPA1j4ahA==

fetch-blob@^3.1.2:
  version "3.2.0"
  resolved "https://registry.yarnpkg.com/fetch-blob/-/fetch-blob-3.2.0.tgz#f09b8d4bbd45adc6f0c20b7e787e793e309dcce9"
  integrity sha512-7yAQpD2UMJzLi1Dqv7qFYnPbaPx7ZfFK6PiIxQ4PfkGPyNyl2Ugx+a/umUonmKqjhM4DnfbMvdX6otXq83soQQ==
  dependencies:
    node-domexception "^1.0.0"
    web-streams-polyfill "^3.0.3"

formdata-polyfill@^4.0.10:
  version "4.0.10"
  resolved "https://registry.yarnpkg.com/formdata-polyfill/-/formdata-polyfill-4.0.10.tgz#24807c31c9d402e002ab3d8c720144ceb8848423"
  integrity sha512-buewHzMvYL29jdeQTVILecSaZKnt/RJWjoZCF5OW60Z67/GmSLBkOFM7qh1PI3zFNtJbaZL5eQu1vLfazOwj4g==
  dependencies:
    fetch-blob "^3.1.2"

node-domexception@^1.0.0:
  version "1.0.0"
  resolved "https://registry.yarnpkg.com/node-domexception/-/node-domexception-1.0.0.tgz#6888db46a1f71c0b76b3f7555016b63fe64766e5"
  integrity sha512-/jKZoMpw0F8GRwl4/eLROPA3cfcXtLApP0QzLmUT/HuPCZWyB7IY9ZrMeKw2O/nFIqPQB3PVM9aYm0F312AXDQ==

screenfull@^5.2.0:
  version "5.2.0"
  resolved "https://registry.yarnpkg.com/screenfull/-/screenfull-5.2.0.tgz#6533d524d30621fc1283b9692146f3f13a93d1ba"
  integrity sha512-9BakfsO2aUQN2K9Fdbj87RJIEZ82Q9IGim7FqM5OsebfoFC6ZHXgDq/KvniuLTPdeM8wY2o6Dj3WQ7KeQCj3cA==

ua-parser-js@1.0.37:
  version "1.0.37"
  resolved "https://registry.yarnpkg.com/ua-parser-js/-/ua-parser-js-1.0.37.tgz#b5dc7b163a5c1f0c510b08446aed4da92c46373f"
  integrity sha512-bhTyI94tZofjo+Dn8SN6Zv8nBDvyXTymAdM3LDI/0IboIUwTu1rEhW7v2TfiVsoYWgkQ4kOVqnI8APUFbIQIFQ==

web-streams-polyfill@^3.0.3:
  version "3.3.3"
  resolved "https://registry.yarnpkg.com/web-streams-polyfill/-/web-streams-polyfill-3.3.3.tgz#2073b91a2fdb1fbfbd401e7de0ac9f8214cecb4b"
  integrity sha512-d2JWLCivmZYTSIoge9MsgFCZrt571BikcWGYkjC1khllbTeDlGqZ2D8vD8E/lJa8WGWbb7Plm8/XJYV7IJHZZw==
