# THIS IS AN AUTOGENERATED FILE. DO NOT EDIT THIS FILE DIRECTLY.
# yarn lockfile v1


"@ezuikit/player-ezopen@8.1.1-beta.8":
  version "8.1.1-beta.8"
  resolved "https://registry.yarnpkg.com/@ezuikit/player-ezopen/-/player-ezopen-8.1.1-beta.8.tgz#434e14cafc67352b57a8dac3316c49882464fdd8"
  integrity sha512-ZrxEx2McNVp7V6Sso2xRGL69wAq4O5ufzvx57WX0sOMfEoqICpqRVLfemsBpwj41axYHbHpd+NxVeNvQV70r0w==
  dependencies:
    "@ezuikit/player-plugin-record" "8.1.1-beta.1"
    "@ezuikit/utils-i18n" "^1.0.1"
    "@ezuikit/utils-logger" "^1.0.1"
    "@ezuikit/utils-service" "1.0.1"
    "@ezuikit/utils-tools" "^1.0.4"
    "@juggle/resize-observer" "^3.4.0"
    dayjs "^1.11.10"
    deepmerge "^4.3.1"
    eventemitter3 "^5.0.1"
    jquery "^3.7.1"
    screenfull "^6.0.2"
    ua-parser-js "1.0.37"

"@ezuikit/player-plugin-record@8.1.1-beta.1":
  version "8.1.1-beta.1"
  resolved "https://registry.yarnpkg.com/@ezuikit/player-plugin-record/-/player-plugin-record-8.1.1-beta.1.tgz#34c18de504f10258d44a0944f25f85e59ce7f968"
  integrity sha512-GjPzd9b0vxdA9oQPvaEOujlL1QBxWPT504T6j4LUPJC1Jl/kUmz05+v9UwwDXdxJWQX/dfxyNFNDC6UGSPLfvA==

"@ezuikit/utils-collect@0.1.0":
  version "0.1.0"
  resolved "https://registry.yarnpkg.com/@ezuikit/utils-collect/-/utils-collect-0.1.0.tgz#3954839a67ab8e8a0ecba4b4a9d7779fd79185cf"
  integrity sha512-85lWlB/VCaooPPkCK3nEB4F3UKgO+HbmoPEq4U1tH/ObVP7IJ7eURrFUmQT1CKsqjH5xz5g4DgZzHWgYrwGcCQ==

"@ezuikit/utils-i18n@^1.0.1":
  version "1.0.1"
  resolved "https://registry.yarnpkg.com/@ezuikit/utils-i18n/-/utils-i18n-1.0.1.tgz#938b192184482e91a6e8aadde0f602c268da3020"
  integrity sha512-uUjN3ADHV2ZG4QznuA7FB89/ck8AGV4qS8hm/sqeSA6/ie4ryYw8MS4wIv71WgPBIgIVDfASuEapyLOwq7R2aQ==
  dependencies:
    i18n-js "^4.3.2"

"@ezuikit/utils-logger@^1.0.1":
  version "1.0.1"
  resolved "https://registry.yarnpkg.com/@ezuikit/utils-logger/-/utils-logger-1.0.1.tgz#9f157c982acba73514fc7a46829768d5bf61f45e"
  integrity sha512-qak0MXh4vWZCji3aSCfHdWR3EbZCaqS0iMT8/QWuWPRr0vDmTRMP3kFOAw1MuMraR0ocjPBE2PaTEmUuwVqaAw==

"@ezuikit/utils-service@1.0.1":
  version "1.0.1"
  resolved "https://registry.yarnpkg.com/@ezuikit/utils-service/-/utils-service-1.0.1.tgz#0465539cd6e4b9a15e60f6a67f29f7310bad8ca2"
  integrity sha512-iNjYuU7AScBJxvKBM9PjiGI2y64QJNPT/H1Fy/Y7ZIAlw4DO//TP+x50qCho+i+EOUpWLtOqBQvtRb7a0O4X4Q==
  dependencies:
    "@ezuikit/utils-tools" "^1.0.1"
    dayjs "^1.11.10"

"@ezuikit/utils-tools@^1.0.1", "@ezuikit/utils-tools@^1.0.4":
  version "1.0.4"
  resolved "https://registry.yarnpkg.com/@ezuikit/utils-tools/-/utils-tools-1.0.4.tgz#018f0ac5b870ca8c6d4dd5d6c8ae381533e7d772"
  integrity sha512-w+LZ03qowSqrSqDnuONKPpmEn0cuCaF2pkgHL1YicR0of/ZelCho5X8cy5TXQe7UsrQkIM2M7vVennv5KnAdpQ==

"@juggle/resize-observer@^3.4.0":
  version "3.4.0"
  resolved "https://registry.yarnpkg.com/@juggle/resize-observer/-/resize-observer-3.4.0.tgz#08d6c5e20cf7e4cc02fd181c4b0c225cd31dbb60"
  integrity sha512-dfLbk+PwWvFzSxwk3n5ySL0hfBog779o8h68wK/7/APo/7cgyWp5jcXockbxdk5kFRkbeXWm4Fbi9FrdN381sA==

abortcontroller-polyfill@^1.7.5:
  version "1.7.8"
  resolved "https://registry.yarnpkg.com/abortcontroller-polyfill/-/abortcontroller-polyfill-1.7.8.tgz#fe8d4370403f02e2aa37e3d2b0b178bae9d83f49"
  integrity sha512-9f1iZ2uWh92VcrU9Y8x+LdM4DLj75VE0MJB8zuF1iUnroEptStw+DQ8EQPMUdfe5k+PkB1uUfDQfWbhstH8LrQ==

bignumber.js@*:
  version "9.1.2"
  resolved "https://registry.yarnpkg.com/bignumber.js/-/bignumber.js-9.1.2.tgz#b7c4242259c008903b13707983b5f4bbd31eda0c"
  integrity sha512-2/mKyZH9K85bzOEfhXDBFZTGd1CTs+5IHpeFQo9luiBG7hghdC851Pj2WAhb6E3R6b9tZj/XKhbg4fum+Kepug==

dayjs@^1.11.10:
  version "1.11.13"
  resolved "https://registry.yarnpkg.com/dayjs/-/dayjs-1.11.13.tgz#92430b0139055c3ebb60150aa13e860a4b5a366c"
  integrity sha512-oaMBel6gjolK862uaPQOVTA7q3TZhuSvuMQAAglQDOWYO9A91IrAOUJEyKVlqJlHE0vq5p5UXxzdPfMH/x6xNg==

debounce-promise@^3.1.2:
  version "3.1.2"
  resolved "https://registry.yarnpkg.com/debounce-promise/-/debounce-promise-3.1.2.tgz#320fb8c7d15a344455cd33cee5ab63530b6dc7c5"
  integrity sha512-rZHcgBkbYavBeD9ej6sP56XfG53d51CD4dnaw989YX/nZ/ZJfgRx/9ePKmTNiUiyQvh4mtrMoS3OAWW+yoYtpg==

deepmerge@^4.3.1:
  version "4.3.1"
  resolved "https://registry.yarnpkg.com/deepmerge/-/deepmerge-4.3.1.tgz#44b5f2147cd3b00d4b56137685966f26fd25dd4a"
  integrity sha512-3sUqbMEc77XqpdNO7FRyRog+eW3ph+GYCbj+rK+uYyRMuwsVy0rMiVtPn+QJlKFvWP/1PYpapqYn0Me2knFn+A==

eventemitter3@^5.0.1:
  version "5.0.1"
  resolved "https://registry.yarnpkg.com/eventemitter3/-/eventemitter3-5.0.1.tgz#53f5ffd0a492ac800721bb42c66b841de96423c4"
  integrity sha512-GWkBvjiSZK87ELrYOSESUYeVIc9mvLLf/nXalMOS5dYrgZq9o5OVkbZAVM06CVxYsCwH9BDZFPlQTlPA1j4ahA==

fetch-blob@^3.1.2:
  version "3.2.0"
  resolved "https://registry.yarnpkg.com/fetch-blob/-/fetch-blob-3.2.0.tgz#f09b8d4bbd45adc6f0c20b7e787e793e309dcce9"
  integrity sha512-7yAQpD2UMJzLi1Dqv7qFYnPbaPx7ZfFK6PiIxQ4PfkGPyNyl2Ugx+a/umUonmKqjhM4DnfbMvdX6otXq83soQQ==
  dependencies:
    node-domexception "^1.0.0"
    web-streams-polyfill "^3.0.3"

formdata-polyfill@^4.0.10:
  version "4.0.10"
  resolved "https://registry.yarnpkg.com/formdata-polyfill/-/formdata-polyfill-4.0.10.tgz#24807c31c9d402e002ab3d8c720144ceb8848423"
  integrity sha512-buewHzMvYL29jdeQTVILecSaZKnt/RJWjoZCF5OW60Z67/GmSLBkOFM7qh1PI3zFNtJbaZL5eQu1vLfazOwj4g==
  dependencies:
    fetch-blob "^3.1.2"

i18n-js@^4.3.2:
  version "4.5.0"
  resolved "https://registry.yarnpkg.com/i18n-js/-/i18n-js-4.5.0.tgz#c2cc98df71746fecf2c8831f90eb9b6a5a4566c5"
  integrity sha512-eiT3ZzK+k1VUR/oDz0Nne3dWU6DE+4P3FxtHXgHMZyzW1lKAHsjEYaOPZClU4QA9rI+uoeE71zq1QzLnZ6LDJQ==
  dependencies:
    bignumber.js "*"
    lodash "*"
    make-plural "*"

jquery@^3.3.1, jquery@^3.7.1:
  version "3.7.1"
  resolved "https://registry.yarnpkg.com/jquery/-/jquery-3.7.1.tgz#083ef98927c9a6a74d05a6af02806566d16274de"
  integrity sha512-m4avr8yL8kmFN8psrbFFFmB/If14iN5o9nw/NgnnM+kybDJpRsAynV2BsfpTYrTRysYUdADVD7CkUUizgkpLfg==

lodash-es@^4.17.21:
  version "4.17.21"
  resolved "https://registry.yarnpkg.com/lodash-es/-/lodash-es-4.17.21.tgz#43e626c46e6591b7750beb2b50117390c609e3ee"
  integrity sha512-mKnC+QJ9pWVzv+C4/U3rRsHapFfHvQFoFB92e52xeyGMcX6/OlIl78je1u8vePzYZSkkogMPJ2yjxxsb89cxyw==

lodash@*:
  version "4.17.21"
  resolved "https://registry.yarnpkg.com/lodash/-/lodash-4.17.21.tgz#679591c564c3bffaae8454cf0b3df370c3d6911c"
  integrity sha512-v2kDEe57lecTulaDIuNTPy3Ry4gLGJ6Z1O3vE1krgXZNrsQ+LFTGHVxVjcXPs17LhbZVGedAJv8XZ1tvj5FvSg==

make-plural@*:
  version "7.4.0"
  resolved "https://registry.yarnpkg.com/make-plural/-/make-plural-7.4.0.tgz#fa6990dd550dea4de6b20163f74e5ed83d8a8d6d"
  integrity sha512-4/gC9KVNTV6pvYg2gFeQYTW3mWaoJt7WZE5vrp1KnQDgW92JtYZnzmZT81oj/dUTqAIu0ufI2x3dkgu3bB1tYg==

node-domexception@^1.0.0:
  version "1.0.0"
  resolved "https://registry.yarnpkg.com/node-domexception/-/node-domexception-1.0.0.tgz#6888db46a1f71c0b76b3f7555016b63fe64766e5"
  integrity sha512-/jKZoMpw0F8GRwl4/eLROPA3cfcXtLApP0QzLmUT/HuPCZWyB7IY9ZrMeKw2O/nFIqPQB3PVM9aYm0F312AXDQ==

screenfull@^5.2.0:
  version "5.2.0"
  resolved "https://registry.yarnpkg.com/screenfull/-/screenfull-5.2.0.tgz#6533d524d30621fc1283b9692146f3f13a93d1ba"
  integrity sha512-9BakfsO2aUQN2K9Fdbj87RJIEZ82Q9IGim7FqM5OsebfoFC6ZHXgDq/KvniuLTPdeM8wY2o6Dj3WQ7KeQCj3cA==

screenfull@^6.0.2:
  version "6.0.2"
  resolved "https://registry.yarnpkg.com/screenfull/-/screenfull-6.0.2.tgz#3dbe4b8c4f8f49fb8e33caa8f69d0bca730ab238"
  integrity sha512-AQdy8s4WhNvUZ6P8F6PB21tSPIYKniic+Ogx0AacBMjKP1GUHN2E9URxQHtCusiwxudnCKkdy4GrHXPPJSkCCw==

ua-parser-js@1.0.37:
  version "1.0.37"
  resolved "https://registry.yarnpkg.com/ua-parser-js/-/ua-parser-js-1.0.37.tgz#b5dc7b163a5c1f0c510b08446aed4da92c46373f"
  integrity sha512-bhTyI94tZofjo+Dn8SN6Zv8nBDvyXTymAdM3LDI/0IboIUwTu1rEhW7v2TfiVsoYWgkQ4kOVqnI8APUFbIQIFQ==

uuid@^8.3.0:
  version "8.3.2"
  resolved "https://registry.yarnpkg.com/uuid/-/uuid-8.3.2.tgz#80d5b5ced271bb9af6c445f21a1a04c606cefbe2"
  integrity sha512-+NYs2QeMWy+GWFOEm9xnn6HCDp0l7QBD7ml8zLUmJ+93Q5NF0NocErnwkTkXVFNiX3/fpC6afS8Dhb/gz7R7eg==

web-streams-polyfill@^3.0.3:
  version "3.3.3"
  resolved "https://registry.yarnpkg.com/web-streams-polyfill/-/web-streams-polyfill-3.3.3.tgz#2073b91a2fdb1fbfbd401e7de0ac9f8214cecb4b"
  integrity sha512-d2JWLCivmZYTSIoge9MsgFCZrt571BikcWGYkjC1khllbTeDlGqZ2D8vD8E/lJa8WGWbb7Plm8/XJYV7IJHZZw==
