# THIS IS AN AUTOGENERATED FILE. DO NOT EDIT THIS FILE DIRECTLY.
# yarn lockfile v1


"@ezuikit/player-ezopen@8.2.2-beta.5":
  version "8.2.2-beta.5"
  resolved "https://registry.yarnpkg.com/@ezuikit/player-ezopen/-/player-ezopen-8.2.2-beta.5.tgz#901205ade18c4821ace1af652064c6a12fb672e6"
  integrity sha512-ohA86UGWWizx+X4pw9h9qh5sVuPt9QHxS38E76IqOlsQFszYtT8Q/KuJ3ONhulX2KZRpxkEDkyjyFzpT/6T/Cw==
  dependencies:
    "@ezuikit/player-plugin-record" "8.2.1"
    "@ezuikit/utils-i18n" "2.0.0"
    "@ezuikit/utils-logger" "2.0.0"
    "@ezuikit/utils-service" "2.0.0-beta.2"
    "@ezuikit/utils-tools" "2.0.1-beta.1"
    dayjs "^1.11.10"
    deepmerge "^4.3.1"
    eventemitter3 "^5.0.1"
    screenfull "^5.2.0"
    ua-parser-js "1.0.37"

"@ezuikit/player-plugin-record@8.2.1":
  version "8.2.1"
  resolved "https://registry.yarnpkg.com/@ezuikit/player-plugin-record/-/player-plugin-record-8.2.1.tgz#13e6a4b4f9200972d03d01eb02689ae4e91d2cd4"
  integrity sha512-HlWQbd6SOWya5xo0EplsEIGPt52EQrVqNm/jHQMZKqslkiEzCDVUUvUYoFbl3fa5xf7Lh1a+YIATm/4L4iZKng==
  dependencies:
    uuid "8.3.0"

"@ezuikit/utils-collect@0.1.1":
  version "0.1.1"
  resolved "https://registry.yarnpkg.com/@ezuikit/utils-collect/-/utils-collect-0.1.1.tgz#b9b49b1a2ef762c1d33b8a154bdd571e9cd965da"
  integrity sha512-BgEOnTtAq8rQRBAKv5rLXbQLGOnfOZ6NS0QTmiviey80JbMJlxrLiqmjL5lxvkm4JtCcXCtSgPA4tskQKN4eDA==

"@ezuikit/utils-i18n@2.0.0":
  version "2.0.0"
  resolved "https://registry.yarnpkg.com/@ezuikit/utils-i18n/-/utils-i18n-2.0.0.tgz#41dceba7b09043e1a5baffce36ca0e0de36c7cc4"
  integrity sha512-gMkfdwFTRk3bAkUVWRGPyEsQl4aIImBpQp732aSSHA75LFPi1MmdaB2Xf34OeC+4v+Anpbt75vviCpUrKPMKlQ==
  dependencies:
    deepmerge "^4.3.1"

"@ezuikit/utils-logger@2.0.0":
  version "2.0.0"
  resolved "https://registry.yarnpkg.com/@ezuikit/utils-logger/-/utils-logger-2.0.0.tgz#f3ffeb0a5d485e6a83710b2a924695f2a66786c3"
  integrity sha512-xtq7Vwle75pfA1UfmcsO2cAdqu9n04fxXDu32fpta7A99ENgyk8saK1NRxeiLnqQHdibaIAmrIbfehgLAH6ecQ==

"@ezuikit/utils-service@2.0.0-beta.2":
  version "2.0.0-beta.2"
  resolved "https://registry.yarnpkg.com/@ezuikit/utils-service/-/utils-service-2.0.0-beta.2.tgz#ae7f104b6ddb0afc6a3fe80d694154b2bceed3a4"
  integrity sha512-Ta27VRDZK1LRRQ9YznYxCqMIeCnO4hnhzQNir3R6ieMy0MnV1pjblVJo2f/f/DRhncNqEHW8IUEcOTKBiIbX8Q==
  dependencies:
    "@ezuikit/utils-tools" "^2.0.1-beta.1"
    dayjs "^1.11.10"

"@ezuikit/utils-tools@2.0.1-beta.1", "@ezuikit/utils-tools@^2.0.1-beta.1":
  version "2.0.1-beta.1"
  resolved "https://registry.yarnpkg.com/@ezuikit/utils-tools/-/utils-tools-2.0.1-beta.1.tgz#dbfebed524e66e58812d3d57b825eb4791138f8c"
  integrity sha512-TDH7G6NXG55d7gRDAcAhMoC4ZyjsJ8tEGiXGnZ0Bzf+jxy1y6el9gm0jCBz9pwCuJSWFttH3l1nd6P9+57+oVg==

"@juggle/resize-observer@^3.4.0":
  version "3.4.0"
  resolved "https://registry.yarnpkg.com/@juggle/resize-observer/-/resize-observer-3.4.0.tgz#08d6c5e20cf7e4cc02fd181c4b0c225cd31dbb60"
  integrity sha512-dfLbk+PwWvFzSxwk3n5ySL0hfBog779o8h68wK/7/APo/7cgyWp5jcXockbxdk5kFRkbeXWm4Fbi9FrdN381sA==

abortcontroller-polyfill@^1.7.5:
  version "1.7.8"
  resolved "https://registry.yarnpkg.com/abortcontroller-polyfill/-/abortcontroller-polyfill-1.7.8.tgz#fe8d4370403f02e2aa37e3d2b0b178bae9d83f49"
  integrity sha512-9f1iZ2uWh92VcrU9Y8x+LdM4DLj75VE0MJB8zuF1iUnroEptStw+DQ8EQPMUdfe5k+PkB1uUfDQfWbhstH8LrQ==

dayjs@^1.11.10:
  version "1.11.13"
  resolved "https://registry.yarnpkg.com/dayjs/-/dayjs-1.11.13.tgz#92430b0139055c3ebb60150aa13e860a4b5a366c"
  integrity sha512-oaMBel6gjolK862uaPQOVTA7q3TZhuSvuMQAAglQDOWYO9A91IrAOUJEyKVlqJlHE0vq5p5UXxzdPfMH/x6xNg==

debounce-promise@^3.1.2:
  version "3.1.2"
  resolved "https://registry.yarnpkg.com/debounce-promise/-/debounce-promise-3.1.2.tgz#320fb8c7d15a344455cd33cee5ab63530b6dc7c5"
  integrity sha512-rZHcgBkbYavBeD9ej6sP56XfG53d51CD4dnaw989YX/nZ/ZJfgRx/9ePKmTNiUiyQvh4mtrMoS3OAWW+yoYtpg==

deepmerge@^4.3.1:
  version "4.3.1"
  resolved "https://registry.yarnpkg.com/deepmerge/-/deepmerge-4.3.1.tgz#44b5f2147cd3b00d4b56137685966f26fd25dd4a"
  integrity sha512-3sUqbMEc77XqpdNO7FRyRog+eW3ph+GYCbj+rK+uYyRMuwsVy0rMiVtPn+QJlKFvWP/1PYpapqYn0Me2knFn+A==

delegate@3.2.0:
  version "3.2.0"
  resolved "https://registry.yarnpkg.com/delegate/-/delegate-3.2.0.tgz#b66b71c3158522e8ab5744f720d8ca0c2af59166"
  integrity sha512-IofjkYBZaZivn0V8nnsMJGBr4jVLxHDheKSW88PyxS5QC4Vo9ZbZVvhzlSxY87fVq3STR6r+4cGepyHkcWOQSw==

eventemitter3@^5.0.1:
  version "5.0.1"
  resolved "https://registry.yarnpkg.com/eventemitter3/-/eventemitter3-5.0.1.tgz#53f5ffd0a492ac800721bb42c66b841de96423c4"
  integrity sha512-GWkBvjiSZK87ELrYOSESUYeVIc9mvLLf/nXalMOS5dYrgZq9o5OVkbZAVM06CVxYsCwH9BDZFPlQTlPA1j4ahA==

fetch-blob@^3.1.2:
  version "3.2.0"
  resolved "https://registry.yarnpkg.com/fetch-blob/-/fetch-blob-3.2.0.tgz#f09b8d4bbd45adc6f0c20b7e787e793e309dcce9"
  integrity sha512-7yAQpD2UMJzLi1Dqv7qFYnPbaPx7ZfFK6PiIxQ4PfkGPyNyl2Ugx+a/umUonmKqjhM4DnfbMvdX6otXq83soQQ==
  dependencies:
    node-domexception "^1.0.0"
    web-streams-polyfill "^3.0.3"

formdata-polyfill@^4.0.10:
  version "4.0.10"
  resolved "https://registry.yarnpkg.com/formdata-polyfill/-/formdata-polyfill-4.0.10.tgz#24807c31c9d402e002ab3d8c720144ceb8848423"
  integrity sha512-buewHzMvYL29jdeQTVILecSaZKnt/RJWjoZCF5OW60Z67/GmSLBkOFM7qh1PI3zFNtJbaZL5eQu1vLfazOwj4g==
  dependencies:
    fetch-blob "^3.1.2"

lodash-es@^4.17.21:
  version "4.17.21"
  resolved "https://registry.yarnpkg.com/lodash-es/-/lodash-es-4.17.21.tgz#43e626c46e6591b7750beb2b50117390c609e3ee"
  integrity sha512-mKnC+QJ9pWVzv+C4/U3rRsHapFfHvQFoFB92e52xeyGMcX6/OlIl78je1u8vePzYZSkkogMPJ2yjxxsb89cxyw==

node-domexception@^1.0.0:
  version "1.0.0"
  resolved "https://registry.yarnpkg.com/node-domexception/-/node-domexception-1.0.0.tgz#6888db46a1f71c0b76b3f7555016b63fe64766e5"
  integrity sha512-/jKZoMpw0F8GRwl4/eLROPA3cfcXtLApP0QzLmUT/HuPCZWyB7IY9ZrMeKw2O/nFIqPQB3PVM9aYm0F312AXDQ==

screenfull@^5.2.0:
  version "5.2.0"
  resolved "https://registry.yarnpkg.com/screenfull/-/screenfull-5.2.0.tgz#6533d524d30621fc1283b9692146f3f13a93d1ba"
  integrity sha512-9BakfsO2aUQN2K9Fdbj87RJIEZ82Q9IGim7FqM5OsebfoFC6ZHXgDq/KvniuLTPdeM8wY2o6Dj3WQ7KeQCj3cA==

ua-parser-js@1.0.37:
  version "1.0.37"
  resolved "https://registry.yarnpkg.com/ua-parser-js/-/ua-parser-js-1.0.37.tgz#b5dc7b163a5c1f0c510b08446aed4da92c46373f"
  integrity sha512-bhTyI94tZofjo+Dn8SN6Zv8nBDvyXTymAdM3LDI/0IboIUwTu1rEhW7v2TfiVsoYWgkQ4kOVqnI8APUFbIQIFQ==

uuid@8.3.0:
  version "8.3.0"
  resolved "https://registry.yarnpkg.com/uuid/-/uuid-8.3.0.tgz#ab738085ca22dc9a8c92725e459b1d507df5d6ea"
  integrity sha512-fX6Z5o4m6XsXBdli9g7DtWgAx+osMsRRZFKma1mIUsLCz6vRvv+pz5VNbyu9UEDzpMWulZfvpgb/cmDXVulYFQ==

web-streams-polyfill@^3.0.3:
  version "3.3.3"
  resolved "https://registry.yarnpkg.com/web-streams-polyfill/-/web-streams-polyfill-3.3.3.tgz#2073b91a2fdb1fbfbd401e7de0ac9f8214cecb4b"
  integrity sha512-d2JWLCivmZYTSIoge9MsgFCZrt571BikcWGYkjC1khllbTeDlGqZ2D8vD8E/lJa8WGWbb7Plm8/XJYV7IJHZZw==
