lockfileVersion: '6.0'

settings:
  autoInstallPeers: true
  excludeLinksFromLockfile: false

dependencies:
  ezuikit-js:
    specifier: 8.2.4-beta.2
    version: 8.2.4-beta.2
  vue:
    specifier: 3.4.37
    version: 3.4.37(typescript@5.9.3)

devDependencies:
  '@vitejs/plugin-vue':
    specifier: 5.1.2
    version: 5.1.2(vite@5.4.0)(vue@3.4.37)
  terser:
    specifier: ^5.36.0
    version: 5.44.1
  typescript:
    specifier: ^5.3.3
    version: 5.9.3
  vite:
    specifier: 5.4.0
    version: 5.4.0(terser@5.44.1)
  vue-tsc:
    specifier: 2.0.29
    version: 2.0.29(typescript@5.9.3)

packages:

  /@babel/helper-string-parser@7.27.1:
    resolution: {integrity: sha512-qMlSxKbpRlAridDExk92nSobyDdpPijUq2DW6oDnUqd0iOGxmQjyqhMIihI9+zv4LPyZdRje2cavWPbCbWm3eA==}
    engines: {node: '>=6.9.0'}

  /@babel/helper-validator-identifier@7.28.5:
    resolution: {integrity: sha512-qSs4ifwzKJSV39ucNjsvc6WVHs6b7S03sOh2OcHF9UHfVPqWWALUsNUVzhSBiItjRZoLHx7nIarVjqKVusUZ1Q==}
    engines: {node: '>=6.9.0'}

  /@babel/parser@7.28.5:
    resolution: {integrity: sha512-KKBU1VGYR7ORr3At5HAtUQ+TV3SzRCXmA/8OdDZiLDBIZxVyzXuztPjfLd3BV1PRAQGCMWWSHYhL0F8d5uHBDQ==}
    engines: {node: '>=6.0.0'}
    hasBin: true
    dependencies:
      '@babel/types': 7.28.5

  /@babel/types@7.28.5:
    resolution: {integrity: sha512-qQ5m48eI/MFLQ5PxQj4PFaprjyCTLI37ElWMmNs0K8Lk3dVeOdNpB3ks8jc7yM5CDmVC73eMVk/trk3fgmrUpA==}
    engines: {node: '>=6.9.0'}
    dependencies:
      '@babel/helper-string-parser': 7.27.1
      '@babel/helper-validator-identifier': 7.28.5

  /@esbuild/aix-ppc64@0.21.5:
    resolution: {integrity: sha512-1SDgH6ZSPTlggy1yI6+Dbkiz8xzpHJEVAlF/AM1tHPLsf5STom9rwtjE4hKAF20FfXXNTFqEYXyJNWh1GiZedQ==}
    engines: {node: '>=12'}
    cpu: [ppc64]
    os: [aix]
    requiresBuild: true
    dev: true
    optional: true

  /@esbuild/android-arm64@0.21.5:
    resolution: {integrity: sha512-c0uX9VAUBQ7dTDCjq+wdyGLowMdtR/GoC2U5IYk/7D1H1JYC0qseD7+11iMP2mRLN9RcCMRcjC4YMclCzGwS/A==}
    engines: {node: '>=12'}
    cpu: [arm64]
    os: [android]
    requiresBuild: true
    dev: true
    optional: true

  /@esbuild/android-arm@0.21.5:
    resolution: {integrity: sha512-vCPvzSjpPHEi1siZdlvAlsPxXl7WbOVUBBAowWug4rJHb68Ox8KualB+1ocNvT5fjv6wpkX6o/iEpbDrf68zcg==}
    engines: {node: '>=12'}
    cpu: [arm]
    os: [android]
    requiresBuild: true
    dev: true
    optional: true

  /@esbuild/android-x64@0.21.5:
    resolution: {integrity: sha512-D7aPRUUNHRBwHxzxRvp856rjUHRFW1SdQATKXH2hqA0kAZb1hKmi02OpYRacl0TxIGz/ZmXWlbZgjwWYaCakTA==}
    engines: {node: '>=12'}
    cpu: [x64]
    os: [android]
    requiresBuild: true
    dev: true
    optional: true

  /@esbuild/darwin-arm64@0.21.5:
    resolution: {integrity: sha512-DwqXqZyuk5AiWWf3UfLiRDJ5EDd49zg6O9wclZ7kUMv2WRFr4HKjXp/5t8JZ11QbQfUS6/cRCKGwYhtNAY88kQ==}
    engines: {node: '>=12'}
    cpu: [arm64]
    os: [darwin]
    requiresBuild: true
    dev: true
    optional: true

  /@esbuild/darwin-x64@0.21.5:
    resolution: {integrity: sha512-se/JjF8NlmKVG4kNIuyWMV/22ZaerB+qaSi5MdrXtd6R08kvs2qCN4C09miupktDitvh8jRFflwGFBQcxZRjbw==}
    engines: {node: '>=12'}
    cpu: [x64]
    os: [darwin]
    requiresBuild: true
    dev: true
    optional: true

  /@esbuild/freebsd-arm64@0.21.5:
    resolution: {integrity: sha512-5JcRxxRDUJLX8JXp/wcBCy3pENnCgBR9bN6JsY4OmhfUtIHe3ZW0mawA7+RDAcMLrMIZaf03NlQiX9DGyB8h4g==}
    engines: {node: '>=12'}
    cpu: [arm64]
    os: [freebsd]
    requiresBuild: true
    dev: true
    optional: true

  /@esbuild/freebsd-x64@0.21.5:
    resolution: {integrity: sha512-J95kNBj1zkbMXtHVH29bBriQygMXqoVQOQYA+ISs0/2l3T9/kj42ow2mpqerRBxDJnmkUDCaQT/dfNXWX/ZZCQ==}
    engines: {node: '>=12'}
    cpu: [x64]
    os: [freebsd]
    requiresBuild: true
    dev: true
    optional: true

  /@esbuild/linux-arm64@0.21.5:
    resolution: {integrity: sha512-ibKvmyYzKsBeX8d8I7MH/TMfWDXBF3db4qM6sy+7re0YXya+K1cem3on9XgdT2EQGMu4hQyZhan7TeQ8XkGp4Q==}
    engines: {node: '>=12'}
    cpu: [arm64]
    os: [linux]
    requiresBuild: true
    dev: true
    optional: true

  /@esbuild/linux-arm@0.21.5:
    resolution: {integrity: sha512-bPb5AHZtbeNGjCKVZ9UGqGwo8EUu4cLq68E95A53KlxAPRmUyYv2D6F0uUI65XisGOL1hBP5mTronbgo+0bFcA==}
    engines: {node: '>=12'}
    cpu: [arm]
    os: [linux]
    requiresBuild: true
    dev: true
    optional: true

  /@esbuild/linux-ia32@0.21.5:
    resolution: {integrity: sha512-YvjXDqLRqPDl2dvRODYmmhz4rPeVKYvppfGYKSNGdyZkA01046pLWyRKKI3ax8fbJoK5QbxblURkwK/MWY18Tg==}
    engines: {node: '>=12'}
    cpu: [ia32]
    os: [linux]
    requiresBuild: true
    dev: true
    optional: true

  /@esbuild/linux-loong64@0.21.5:
    resolution: {integrity: sha512-uHf1BmMG8qEvzdrzAqg2SIG/02+4/DHB6a9Kbya0XDvwDEKCoC8ZRWI5JJvNdUjtciBGFQ5PuBlpEOXQj+JQSg==}
    engines: {node: '>=12'}
    cpu: [loong64]
    os: [linux]
    requiresBuild: true
    dev: true
    optional: true

  /@esbuild/linux-mips64el@0.21.5:
    resolution: {integrity: sha512-IajOmO+KJK23bj52dFSNCMsz1QP1DqM6cwLUv3W1QwyxkyIWecfafnI555fvSGqEKwjMXVLokcV5ygHW5b3Jbg==}
    engines: {node: '>=12'}
    cpu: [mips64el]
    os: [linux]
    requiresBuild: true
    dev: true
    optional: true

  /@esbuild/linux-ppc64@0.21.5:
    resolution: {integrity: sha512-1hHV/Z4OEfMwpLO8rp7CvlhBDnjsC3CttJXIhBi+5Aj5r+MBvy4egg7wCbe//hSsT+RvDAG7s81tAvpL2XAE4w==}
    engines: {node: '>=12'}
    cpu: [ppc64]
    os: [linux]
    requiresBuild: true
    dev: true
    optional: true

  /@esbuild/linux-riscv64@0.21.5:
    resolution: {integrity: sha512-2HdXDMd9GMgTGrPWnJzP2ALSokE/0O5HhTUvWIbD3YdjME8JwvSCnNGBnTThKGEB91OZhzrJ4qIIxk/SBmyDDA==}
    engines: {node: '>=12'}
    cpu: [riscv64]
    os: [linux]
    requiresBuild: true
    dev: true
    optional: true

  /@esbuild/linux-s390x@0.21.5:
    resolution: {integrity: sha512-zus5sxzqBJD3eXxwvjN1yQkRepANgxE9lgOW2qLnmr8ikMTphkjgXu1HR01K4FJg8h1kEEDAqDcZQtbrRnB41A==}
    engines: {node: '>=12'}
    cpu: [s390x]
    os: [linux]
    requiresBuild: true
    dev: true
    optional: true

  /@esbuild/linux-x64@0.21.5:
    resolution: {integrity: sha512-1rYdTpyv03iycF1+BhzrzQJCdOuAOtaqHTWJZCWvijKD2N5Xu0TtVC8/+1faWqcP9iBCWOmjmhoH94dH82BxPQ==}
    engines: {node: '>=12'}
    cpu: [x64]
    os: [linux]
    requiresBuild: true
    dev: true
    optional: true

  /@esbuild/netbsd-x64@0.21.5:
    resolution: {integrity: sha512-Woi2MXzXjMULccIwMnLciyZH4nCIMpWQAs049KEeMvOcNADVxo0UBIQPfSmxB3CWKedngg7sWZdLvLczpe0tLg==}
    engines: {node: '>=12'}
    cpu: [x64]
    os: [netbsd]
    requiresBuild: true
    dev: true
    optional: true

  /@esbuild/openbsd-x64@0.21.5:
    resolution: {integrity: sha512-HLNNw99xsvx12lFBUwoT8EVCsSvRNDVxNpjZ7bPn947b8gJPzeHWyNVhFsaerc0n3TsbOINvRP2byTZ5LKezow==}
    engines: {node: '>=12'}
    cpu: [x64]
    os: [openbsd]
    requiresBuild: true
    dev: true
    optional: true

  /@esbuild/sunos-x64@0.21.5:
    resolution: {integrity: sha512-6+gjmFpfy0BHU5Tpptkuh8+uw3mnrvgs+dSPQXQOv3ekbordwnzTVEb4qnIvQcYXq6gzkyTnoZ9dZG+D4garKg==}
    engines: {node: '>=12'}
    cpu: [x64]
    os: [sunos]
    requiresBuild: true
    dev: true
    optional: true

  /@esbuild/win32-arm64@0.21.5:
    resolution: {integrity: sha512-Z0gOTd75VvXqyq7nsl93zwahcTROgqvuAcYDUr+vOv8uHhNSKROyU961kgtCD1e95IqPKSQKH7tBTslnS3tA8A==}
    engines: {node: '>=12'}
    cpu: [arm64]
    os: [win32]
    requiresBuild: true
    dev: true
    optional: true

  /@esbuild/win32-ia32@0.21.5:
    resolution: {integrity: sha512-SWXFF1CL2RVNMaVs+BBClwtfZSvDgtL//G/smwAc5oVK/UPu2Gu9tIaRgFmYFFKrmg3SyAjSrElf0TiJ1v8fYA==}
    engines: {node: '>=12'}
    cpu: [ia32]
    os: [win32]
    requiresBuild: true
    dev: true
    optional: true

  /@esbuild/win32-x64@0.21.5:
    resolution: {integrity: sha512-tQd/1efJuzPC6rCFwEvLtci/xNFcTZknmXs98FYDfGE4wP9ClFV98nyKrzJKVPMhdDnjzLhdUyMX4PsQAPjwIw==}
    engines: {node: '>=12'}
    cpu: [x64]
    os: [win32]
    requiresBuild: true
    dev: true
    optional: true

  /@ezuikit/player-ezopen@8.2.5-beta.3:
    resolution: {integrity: sha512-JyWUFGDduSyMBLGKYVynL9EGRvBRAd33BH6xZG6HEy/IFi+jj5rpxdY731KSc3EIxzZaMRMKMzSmK2gC9SohXA==}
    dependencies:
      '@ezuikit/player-plugin-record': 8.2.0
      '@ezuikit/utils-i18n': 2.0.0
      '@ezuikit/utils-logger': 2.0.0
      '@ezuikit/utils-service': 1.0.1
      '@ezuikit/utils-tools': 2.0.1
      dayjs: 1.11.19
      deepmerge: 4.3.1
      eventemitter3: 5.0.1
      screenfull: 5.2.0
      ua-parser-js: 1.0.37
    dev: false

  /@ezuikit/player-plugin-record@8.2.0:
    resolution: {integrity: sha512-5T+1pSw83FmZDrpcNrDRQOf0vv3a3flnwWWZ8N42ZZENtATeMUAXXu2LkmnrLpsRmSVBELIX13adEqnAk1k39A==}
    dev: false

  /@ezuikit/utils-collect@0.1.1:
    resolution: {integrity: sha512-BgEOnTtAq8rQRBAKv5rLXbQLGOnfOZ6NS0QTmiviey80JbMJlxrLiqmjL5lxvkm4JtCcXCtSgPA4tskQKN4eDA==}
    dev: false

  /@ezuikit/utils-i18n@2.0.0:
    resolution: {integrity: sha512-gMkfdwFTRk3bAkUVWRGPyEsQl4aIImBpQp732aSSHA75LFPi1MmdaB2Xf34OeC+4v+Anpbt75vviCpUrKPMKlQ==}
    dependencies:
      deepmerge: 4.3.1
    dev: false

  /@ezuikit/utils-logger@2.0.0:
    resolution: {integrity: sha512-xtq7Vwle75pfA1UfmcsO2cAdqu9n04fxXDu32fpta7A99ENgyk8saK1NRxeiLnqQHdibaIAmrIbfehgLAH6ecQ==}
    dev: false

  /@ezuikit/utils-service@1.0.1:
    resolution: {integrity: sha512-iNjYuU7AScBJxvKBM9PjiGI2y64QJNPT/H1Fy/Y7ZIAlw4DO//TP+x50qCho+i+EOUpWLtOqBQvtRb7a0O4X4Q==}
    dependencies:
      '@ezuikit/utils-tools': 1.1.0
      dayjs: 1.11.19
    dev: false

  /@ezuikit/utils-tools@1.1.0:
    resolution: {integrity: sha512-mujPtXIhZnuJrJySu1/Z6X90sMJQStZydurZcfetMCH6pqIYN4P+1w6+P8PCTR6k4LJp5nY9+eNnKa7AZ8OBKA==}
    dev: false

  /@ezuikit/utils-tools@2.0.1:
    resolution: {integrity: sha512-zr+fXIiYP3/4Gp3aSASHhOvkymrRxo+G5Owhxzj/jBq4osifgq8kpDCC399VWEpZvwWUuY4AJENkqq2IC+Qfrw==}
    dev: false

  /@jridgewell/gen-mapping@0.3.13:
    resolution: {integrity: sha512-2kkt/7niJ6MgEPxF0bYdQ6etZaA+fQvDcLKckhy1yIQOzaoKjBBjSj63/aLVjYE3qhRt5dvM+uUyfCg6UKCBbA==}
    dependencies:
      '@jridgewell/sourcemap-codec': 1.5.5
      '@jridgewell/trace-mapping': 0.3.31
    dev: true

  /@jridgewell/resolve-uri@3.1.2:
    resolution: {integrity: sha512-bRISgCIjP20/tbWSPWMEi54QVPRZExkuD9lJL+UIxUKtwVJA8wW1Trb1jMs1RFXo1CBTNZ/5hpC9QvmKWdopKw==}
    engines: {node: '>=6.0.0'}
    dev: true

  /@jridgewell/source-map@0.3.11:
    resolution: {integrity: sha512-ZMp1V8ZFcPG5dIWnQLr3NSI1MiCU7UETdS/A0G8V/XWHvJv3ZsFqutJn1Y5RPmAPX6F3BiE397OqveU/9NCuIA==}
    dependencies:
      '@jridgewell/gen-mapping': 0.3.13
      '@jridgewell/trace-mapping': 0.3.31
    dev: true

  /@jridgewell/sourcemap-codec@1.5.5:
    resolution: {integrity: sha512-cYQ9310grqxueWbl+WuIUIaiUaDcj7WOq5fVhEljNVgRfOUhY9fy2zTvfoqWsnebh8Sl70VScFbICvJnLKB0Og==}

  /@jridgewell/trace-mapping@0.3.31:
    resolution: {integrity: sha512-zzNR+SdQSDJzc8joaeP8QQoCQr8NuYx2dIIytl1QeBEZHJ9uW6hebsrYgbz8hJwUQao3TWCMtmfV8Nu1twOLAw==}
    dependencies:
      '@jridgewell/resolve-uri': 3.1.2
      '@jridgewell/sourcemap-codec': 1.5.5
    dev: true

  /@juggle/resize-observer@3.4.0:
    resolution: {integrity: sha512-dfLbk+PwWvFzSxwk3n5ySL0hfBog779o8h68wK/7/APo/7cgyWp5jcXockbxdk5kFRkbeXWm4Fbi9FrdN381sA==}
    dev: false

  /@rollup/rollup-android-arm-eabi@4.52.5:
    resolution: {integrity: sha512-8c1vW4ocv3UOMp9K+gToY5zL2XiiVw3k7f1ksf4yO1FlDFQ1C2u72iACFnSOceJFsWskc2WZNqeRhFRPzv+wtQ==}
    cpu: [arm]
    os: [android]
    requiresBuild: true
    dev: true
    optional: true

  /@rollup/rollup-android-arm64@4.52.5:
    resolution: {integrity: sha512-mQGfsIEFcu21mvqkEKKu2dYmtuSZOBMmAl5CFlPGLY94Vlcm+zWApK7F/eocsNzp8tKmbeBP8yXyAbx0XHsFNA==}
    cpu: [arm64]
    os: [android]
    requiresBuild: true
    dev: true
    optional: true

  /@rollup/rollup-darwin-arm64@4.52.5:
    resolution: {integrity: sha512-takF3CR71mCAGA+v794QUZ0b6ZSrgJkArC+gUiG6LB6TQty9T0Mqh3m2ImRBOxS2IeYBo4lKWIieSvnEk2OQWA==}
    cpu: [arm64]
    os: [darwin]
    requiresBuild: true
    dev: true
    optional: true

  /@rollup/rollup-darwin-x64@4.52.5:
    resolution: {integrity: sha512-W901Pla8Ya95WpxDn//VF9K9u2JbocwV/v75TE0YIHNTbhqUTv9w4VuQ9MaWlNOkkEfFwkdNhXgcLqPSmHy0fA==}
    cpu: [x64]
    os: [darwin]
    requiresBuild: true
    dev: true
    optional: true

  /@rollup/rollup-freebsd-arm64@4.52.5:
    resolution: {integrity: sha512-QofO7i7JycsYOWxe0GFqhLmF6l1TqBswJMvICnRUjqCx8b47MTo46W8AoeQwiokAx3zVryVnxtBMcGcnX12LvA==}
    cpu: [arm64]
    os: [freebsd]
    requiresBuild: true
    dev: true
    optional: true

  /@rollup/rollup-freebsd-x64@4.52.5:
    resolution: {integrity: sha512-jr21b/99ew8ujZubPo9skbrItHEIE50WdV86cdSoRkKtmWa+DDr6fu2c/xyRT0F/WazZpam6kk7IHBerSL7LDQ==}
    cpu: [x64]
    os: [freebsd]
    requiresBuild: true
    dev: true
    optional: true

  /@rollup/rollup-linux-arm-gnueabihf@4.52.5:
    resolution: {integrity: sha512-PsNAbcyv9CcecAUagQefwX8fQn9LQ4nZkpDboBOttmyffnInRy8R8dSg6hxxl2Re5QhHBf6FYIDhIj5v982ATQ==}
    cpu: [arm]
    os: [linux]
    requiresBuild: true
    dev: true
    optional: true

  /@rollup/rollup-linux-arm-musleabihf@4.52.5:
    resolution: {integrity: sha512-Fw4tysRutyQc/wwkmcyoqFtJhh0u31K+Q6jYjeicsGJJ7bbEq8LwPWV/w0cnzOqR2m694/Af6hpFayLJZkG2VQ==}
    cpu: [arm]
    os: [linux]
    requiresBuild: true
    dev: true
    optional: true

  /@rollup/rollup-linux-arm64-gnu@4.52.5:
    resolution: {integrity: sha512-a+3wVnAYdQClOTlyapKmyI6BLPAFYs0JM8HRpgYZQO02rMR09ZcV9LbQB+NL6sljzG38869YqThrRnfPMCDtZg==}
    cpu: [arm64]
    os: [linux]
    requiresBuild: true
    dev: true
    optional: true

  /@rollup/rollup-linux-arm64-musl@4.52.5:
    resolution: {integrity: sha512-AvttBOMwO9Pcuuf7m9PkC1PUIKsfaAJ4AYhy944qeTJgQOqJYJ9oVl2nYgY7Rk0mkbsuOpCAYSs6wLYB2Xiw0Q==}
    cpu: [arm64]
    os: [linux]
    requiresBuild: true
    dev: true
    optional: true

  /@rollup/rollup-linux-loong64-gnu@4.52.5:
    resolution: {integrity: sha512-DkDk8pmXQV2wVrF6oq5tONK6UHLz/XcEVow4JTTerdeV1uqPeHxwcg7aFsfnSm9L+OO8WJsWotKM2JJPMWrQtA==}
    cpu: [loong64]
    os: [linux]
    requiresBuild: true
    dev: true
    optional: true

  /@rollup/rollup-linux-ppc64-gnu@4.52.5:
    resolution: {integrity: sha512-W/b9ZN/U9+hPQVvlGwjzi+Wy4xdoH2I8EjaCkMvzpI7wJUs8sWJ03Rq96jRnHkSrcHTpQe8h5Tg3ZzUPGauvAw==}
    cpu: [ppc64]
    os: [linux]
    requiresBuild: true
    dev: true
    optional: true

  /@rollup/rollup-linux-riscv64-gnu@4.52.5:
    resolution: {integrity: sha512-sjQLr9BW7R/ZiXnQiWPkErNfLMkkWIoCz7YMn27HldKsADEKa5WYdobaa1hmN6slu9oWQbB6/jFpJ+P2IkVrmw==}
    cpu: [riscv64]
    os: [linux]
    requiresBuild: true
    dev: true
    optional: true

  /@rollup/rollup-linux-riscv64-musl@4.52.5:
    resolution: {integrity: sha512-hq3jU/kGyjXWTvAh2awn8oHroCbrPm8JqM7RUpKjalIRWWXE01CQOf/tUNWNHjmbMHg/hmNCwc/Pz3k1T/j/Lg==}
    cpu: [riscv64]
    os: [linux]
    requiresBuild: true
    dev: true
    optional: true

  /@rollup/rollup-linux-s390x-gnu@4.52.5:
    resolution: {integrity: sha512-gn8kHOrku8D4NGHMK1Y7NA7INQTRdVOntt1OCYypZPRt6skGbddska44K8iocdpxHTMMNui5oH4elPH4QOLrFQ==}
    cpu: [s390x]
    os: [linux]
    requiresBuild: true
    dev: true
    optional: true

  /@rollup/rollup-linux-x64-gnu@4.52.5:
    resolution: {integrity: sha512-hXGLYpdhiNElzN770+H2nlx+jRog8TyynpTVzdlc6bndktjKWyZyiCsuDAlpd+j+W+WNqfcyAWz9HxxIGfZm1Q==}
    cpu: [x64]
    os: [linux]
    requiresBuild: true
    dev: true
    optional: true

  /@rollup/rollup-linux-x64-musl@4.52.5:
    resolution: {integrity: sha512-arCGIcuNKjBoKAXD+y7XomR9gY6Mw7HnFBv5Rw7wQRvwYLR7gBAgV7Mb2QTyjXfTveBNFAtPt46/36vV9STLNg==}
    cpu: [x64]
    os: [linux]
    requiresBuild: true
    dev: true
    optional: true

  /@rollup/rollup-openharmony-arm64@4.52.5:
    resolution: {integrity: sha512-QoFqB6+/9Rly/RiPjaomPLmR/13cgkIGfA40LHly9zcH1S0bN2HVFYk3a1eAyHQyjs3ZJYlXvIGtcCs5tko9Cw==}
    cpu: [arm64]
    os: [openharmony]
    requiresBuild: true
    dev: true
    optional: true

  /@rollup/rollup-win32-arm64-msvc@4.52.5:
    resolution: {integrity: sha512-w0cDWVR6MlTstla1cIfOGyl8+qb93FlAVutcor14Gf5Md5ap5ySfQ7R9S/NjNaMLSFdUnKGEasmVnu3lCMqB7w==}
    cpu: [arm64]
    os: [win32]
    requiresBuild: true
    dev: true
    optional: true

  /@rollup/rollup-win32-ia32-msvc@4.52.5:
    resolution: {integrity: sha512-Aufdpzp7DpOTULJCuvzqcItSGDH73pF3ko/f+ckJhxQyHtp67rHw3HMNxoIdDMUITJESNE6a8uh4Lo4SLouOUg==}
    cpu: [ia32]
    os: [win32]
    requiresBuild: true
    dev: true
    optional: true

  /@rollup/rollup-win32-x64-gnu@4.52.5:
    resolution: {integrity: sha512-UGBUGPFp1vkj6p8wCRraqNhqwX/4kNQPS57BCFc8wYh0g94iVIW33wJtQAx3G7vrjjNtRaxiMUylM0ktp/TRSQ==}
    cpu: [x64]
    os: [win32]
    requiresBuild: true
    dev: true
    optional: true

  /@rollup/rollup-win32-x64-msvc@4.52.5:
    resolution: {integrity: sha512-TAcgQh2sSkykPRWLrdyy2AiceMckNf5loITqXxFI5VuQjS5tSuw3WlwdN8qv8vzjLAUTvYaH/mVjSFpbkFbpTg==}
    cpu: [x64]
    os: [win32]
    requiresBuild: true
    dev: true
    optional: true

  /@skax/delegate@4.0.2:
    resolution: {integrity: sha512-8imP+fGESjlbU4mFhZMEuR3/qmYVtqQjXXzZ/C/imbzKqyaMWYpEDqQXNf6yGHzWHUJhZwn5AWNm645U1GjQsQ==}
    dev: false

  /@types/estree@1.0.8:
    resolution: {integrity: sha512-dWHzHa2WqEXI/O1E9OjrocMTKJl2mSrEolh1Iomrv6U+JuNwaHXsXx9bLu5gG7BUWFIN0skIQJQ/L1rIex4X6w==}
    dev: true

  /@vitejs/plugin-vue@5.1.2(vite@5.4.0)(vue@3.4.37):
    resolution: {integrity: sha512-nY9IwH12qeiJqumTCLJLE7IiNx7HZ39cbHaysEUd+Myvbz9KAqd2yq+U01Kab1R/H1BmiyM2ShTYlNH32Fzo3A==}
    engines: {node: ^18.0.0 || >=20.0.0}
    peerDependencies:
      vite: ^5.0.0
      vue: ^3.2.25
    dependencies:
      vite: 5.4.0(terser@5.44.1)
      vue: 3.4.37(typescript@5.9.3)
    dev: true

  /@volar/language-core@2.4.23:
    resolution: {integrity: sha512-hEEd5ET/oSmBC6pi1j6NaNYRWoAiDhINbT8rmwtINugR39loROSlufGdYMF9TaKGfz+ViGs1Idi3mAhnuPcoGQ==}
    dependencies:
      '@volar/source-map': 2.4.23
    dev: true

  /@volar/source-map@2.4.23:
    resolution: {integrity: sha512-Z1Uc8IB57Lm6k7q6KIDu/p+JWtf3xsXJqAX/5r18hYOTpJyBn0KXUR8oTJ4WFYOcDzWC9n3IflGgHowx6U6z9Q==}
    dev: true

  /@volar/typescript@2.4.23:
    resolution: {integrity: sha512-lAB5zJghWxVPqfcStmAP1ZqQacMpe90UrP5RJ3arDyrhy4aCUQqmxPPLB2PWDKugvylmO41ljK7vZ+t6INMTag==}
    dependencies:
      '@volar/language-core': 2.4.23
      path-browserify: 1.0.1
      vscode-uri: 3.1.0
    dev: true

  /@vue/compiler-core@3.4.37:
    resolution: {integrity: sha512-ZDDT/KiLKuCRXyzWecNzC5vTcubGz4LECAtfGPENpo0nrmqJHwuWtRLxk/Sb9RAKtR9iFflFycbkjkY+W/PZUQ==}
    dependencies:
      '@babel/parser': 7.28.5
      '@vue/shared': 3.4.37
      entities: 5.0.0
      estree-walker: 2.0.2
      source-map-js: 1.2.1

  /@vue/compiler-core@3.5.22:
    resolution: {integrity: sha512-jQ0pFPmZwTEiRNSb+i9Ow/I/cHv2tXYqsnHKKyCQ08irI2kdF5qmYedmF8si8mA7zepUFmJ2hqzS8CQmNOWOkQ==}
    dependencies:
      '@babel/parser': 7.28.5
      '@vue/shared': 3.5.22
      entities: 4.5.0
      estree-walker: 2.0.2
      source-map-js: 1.2.1
    dev: true

  /@vue/compiler-dom@3.4.37:
    resolution: {integrity: sha512-rIiSmL3YrntvgYV84rekAtU/xfogMUJIclUMeIKEtVBFngOL3IeZHhsH3UaFEgB5iFGpj6IW+8YuM/2Up+vVag==}
    dependencies:
      '@vue/compiler-core': 3.4.37
      '@vue/shared': 3.4.37

  /@vue/compiler-dom@3.5.22:
    resolution: {integrity: sha512-W8RknzUM1BLkypvdz10OVsGxnMAuSIZs9Wdx1vzA3mL5fNMN15rhrSCLiTm6blWeACwUwizzPVqGJgOGBEN/hA==}
    dependencies:
      '@vue/compiler-core': 3.5.22
      '@vue/shared': 3.5.22
    dev: true

  /@vue/compiler-sfc@3.4.37:
    resolution: {integrity: sha512-vCfetdas40Wk9aK/WWf8XcVESffsbNkBQwS5t13Y/PcfqKfIwJX2gF+82th6dOpnpbptNMlMjAny80li7TaCIg==}
    dependencies:
      '@babel/parser': 7.28.5
      '@vue/compiler-core': 3.4.37
      '@vue/compiler-dom': 3.4.37
      '@vue/compiler-ssr': 3.4.37
      '@vue/shared': 3.4.37
      estree-walker: 2.0.2
      magic-string: 0.30.21
      postcss: 8.5.6
      source-map-js: 1.2.1

  /@vue/compiler-ssr@3.4.37:
    resolution: {integrity: sha512-TyAgYBWrHlFrt4qpdACh8e9Ms6C/AZQ6A6xLJaWrCL8GCX5DxMzxyeFAEMfU/VFr4tylHm+a2NpfJpcd7+20XA==}
    dependencies:
      '@vue/compiler-dom': 3.4.37
      '@vue/shared': 3.4.37

  /@vue/compiler-vue2@2.7.16:
    resolution: {integrity: sha512-qYC3Psj9S/mfu9uVi5WvNZIzq+xnXMhOwbTFKKDD7b1lhpnn71jXSFdTQ+WsIEk0ONCd7VV2IMm7ONl6tbQ86A==}
    dependencies:
      de-indent: 1.0.2
      he: 1.2.0
    dev: true

  /@vue/language-core@2.0.29(typescript@5.9.3):
    resolution: {integrity: sha512-o2qz9JPjhdoVj8D2+9bDXbaI4q2uZTHQA/dbyZT4Bj1FR9viZxDJnLcKVHfxdn6wsOzRgpqIzJEEmSSvgMvDTQ==}
    peerDependencies:
      typescript: '*'
    peerDependenciesMeta:
      typescript:
        optional: true
    dependencies:
      '@volar/language-core': 2.4.23
      '@vue/compiler-dom': 3.5.22
      '@vue/compiler-vue2': 2.7.16
      '@vue/shared': 3.5.22
      computeds: 0.0.1
      minimatch: 9.0.5
      muggle-string: 0.4.1
      path-browserify: 1.0.1
      typescript: 5.9.3
    dev: true

  /@vue/reactivity@3.4.37:
    resolution: {integrity: sha512-UmdKXGx0BZ5kkxPqQr3PK3tElz6adTey4307NzZ3whZu19i5VavYal7u2FfOmAzlcDVgE8+X0HZ2LxLb/jgbYw==}
    dependencies:
      '@vue/shared': 3.4.37

  /@vue/runtime-core@3.4.37:
    resolution: {integrity: sha512-MNjrVoLV/sirHZoD7QAilU1Ifs7m/KJv4/84QVbE6nyAZGQNVOa1HGxaOzp9YqCG+GpLt1hNDC4RbH+KtanV7w==}
    dependencies:
      '@vue/reactivity': 3.4.37
      '@vue/shared': 3.4.37

  /@vue/runtime-dom@3.4.37:
    resolution: {integrity: sha512-Mg2EwgGZqtwKrqdL/FKMF2NEaOHuH+Ks9TQn3DHKyX//hQTYOun+7Tqp1eo0P4Ds+SjltZshOSRq6VsU0baaNg==}
    dependencies:
      '@vue/reactivity': 3.4.37
      '@vue/runtime-core': 3.4.37
      '@vue/shared': 3.4.37
      csstype: 3.1.3

  /@vue/server-renderer@3.4.37(vue@3.4.37):
    resolution: {integrity: sha512-jZ5FAHDR2KBq2FsRUJW6GKDOAG9lUTX8aBEGq4Vf6B/35I9fPce66BornuwmqmKgfiSlecwuOb6oeoamYMohkg==}
    peerDependencies:
      vue: 3.4.37
    dependencies:
      '@vue/compiler-ssr': 3.4.37
      '@vue/shared': 3.4.37
      vue: 3.4.37(typescript@5.9.3)

  /@vue/shared@3.4.37:
    resolution: {integrity: sha512-nIh8P2fc3DflG8+5Uw8PT/1i17ccFn0xxN/5oE9RfV5SVnd7G0XEFRwakrnNFE/jlS95fpGXDVG5zDETS26nmg==}

  /@vue/shared@3.5.22:
    resolution: {integrity: sha512-F4yc6palwq3TT0u+FYf0Ns4Tfl9GRFURDN2gWG7L1ecIaS/4fCIuFOjMTnCyjsu/OK6vaDKLCrGAa+KvvH+h4w==}
    dev: true

  /abortcontroller-polyfill@1.7.8:
    resolution: {integrity: sha512-9f1iZ2uWh92VcrU9Y8x+LdM4DLj75VE0MJB8zuF1iUnroEptStw+DQ8EQPMUdfe5k+PkB1uUfDQfWbhstH8LrQ==}
    dev: false

  /acorn@8.15.0:
    resolution: {integrity: sha512-NZyJarBfL7nWwIq+FDL6Zp/yHEhePMNnnJ0y3qfieCrmNvYct8uvtiV41UvlSe6apAfk0fY1FbWx+NwfmpvtTg==}
    engines: {node: '>=0.4.0'}
    hasBin: true
    dev: true

  /balanced-match@1.0.2:
    resolution: {integrity: sha512-3oSeUO0TMV67hN1AmbXsK4yaqU7tjiHlbxRDZOpH0KW9+CeX4bRAaX0Anxt0tx2MrpRpWwQaPwIlISEJhYU5Pw==}
    dev: true

  /brace-expansion@2.0.2:
    resolution: {integrity: sha512-Jt0vHyM+jmUBqojB7E1NIYadt0vI0Qxjxd2TErW94wDz+E2LAm5vKMXXwg6ZZBTHPuUlDgQHKXvjGBdfcF1ZDQ==}
    dependencies:
      balanced-match: 1.0.2
    dev: true

  /buffer-from@1.1.2:
    resolution: {integrity: sha512-E+XQCRwSbaaiChtv6k6Dwgc+bx+Bs6vuKJHHl5kox/BaKbhiXzqQOwK4cO22yElGp2OCmjwVhT3HmxgyPGnJfQ==}
    dev: true

  /commander@2.20.3:
    resolution: {integrity: sha512-GpVkmM8vF2vQUkj2LvZmD35JxeJOLCwJ9cUkugyk2nuhbv3+mJvpLYYt+0+USMxE+oj+ey/lJEnhZw75x/OMcQ==}
    dev: true

  /computeds@0.0.1:
    resolution: {integrity: sha512-7CEBgcMjVmitjYo5q8JTJVra6X5mQ20uTThdK+0kR7UEaDrAWEQcRiBtWJzga4eRpP6afNwwLsX2SET2JhVB1Q==}
    dev: true

  /csstype@3.1.3:
    resolution: {integrity: sha512-M1uQkMl8rQK/szD0LNhtqxIPLpimGm8sOBwU7lLnCpSbTyY3yeU1Vc7l4KT5zT4s/yOxHH5O7tIuuLOCnLADRw==}

  /dayjs@1.11.19:
    resolution: {integrity: sha512-t5EcLVS6QPBNqM2z8fakk/NKel+Xzshgt8FFKAn+qwlD1pzZWxh0nVCrvFK7ZDb6XucZeF9z8C7CBWTRIVApAw==}
    dev: false

  /de-indent@1.0.2:
    resolution: {integrity: sha512-e/1zu3xH5MQryN2zdVaF0OrdNLUbvWxzMbi+iNA6Bky7l1RoP8a2fIbRocyHclXt/arDrrR6lL3TqFD9pMQTsg==}
    dev: true

  /debounce-promise@3.1.2:
    resolution: {integrity: sha512-rZHcgBkbYavBeD9ej6sP56XfG53d51CD4dnaw989YX/nZ/ZJfgRx/9ePKmTNiUiyQvh4mtrMoS3OAWW+yoYtpg==}
    dev: false

  /deepmerge@4.3.1:
    resolution: {integrity: sha512-3sUqbMEc77XqpdNO7FRyRog+eW3ph+GYCbj+rK+uYyRMuwsVy0rMiVtPn+QJlKFvWP/1PYpapqYn0Me2knFn+A==}
    engines: {node: '>=0.10.0'}
    dev: false

  /entities@4.5.0:
    resolution: {integrity: sha512-V0hjH4dGPh9Ao5p0MoRY6BVqtwCjhz6vI5LT8AJ55H+4g9/4vbHx1I54fS0XuclLhDHArPQCiMjDxjaL8fPxhw==}
    engines: {node: '>=0.12'}
    dev: true

  /entities@5.0.0:
    resolution: {integrity: sha512-BeJFvFRJddxobhvEdm5GqHzRV/X+ACeuw0/BuuxsCh1EUZcAIz8+kYmBp/LrQuloy6K1f3a0M7+IhmZ7QnkISA==}
    engines: {node: '>=0.12'}

  /esbuild@0.21.5:
    resolution: {integrity: sha512-mg3OPMV4hXywwpoDxu3Qda5xCKQi+vCTZq8S9J/EpkhB2HzKXq4SNFZE3+NK93JYxc8VMSep+lOUSC/RVKaBqw==}
    engines: {node: '>=12'}
    hasBin: true
    requiresBuild: true
    optionalDependencies:
      '@esbuild/aix-ppc64': 0.21.5
      '@esbuild/android-arm': 0.21.5
      '@esbuild/android-arm64': 0.21.5
      '@esbuild/android-x64': 0.21.5
      '@esbuild/darwin-arm64': 0.21.5
      '@esbuild/darwin-x64': 0.21.5
      '@esbuild/freebsd-arm64': 0.21.5
      '@esbuild/freebsd-x64': 0.21.5
      '@esbuild/linux-arm': 0.21.5
      '@esbuild/linux-arm64': 0.21.5
      '@esbuild/linux-ia32': 0.21.5
      '@esbuild/linux-loong64': 0.21.5
      '@esbuild/linux-mips64el': 0.21.5
      '@esbuild/linux-ppc64': 0.21.5
      '@esbuild/linux-riscv64': 0.21.5
      '@esbuild/linux-s390x': 0.21.5
      '@esbuild/linux-x64': 0.21.5
      '@esbuild/netbsd-x64': 0.21.5
      '@esbuild/openbsd-x64': 0.21.5
      '@esbuild/sunos-x64': 0.21.5
      '@esbuild/win32-arm64': 0.21.5
      '@esbuild/win32-ia32': 0.21.5
      '@esbuild/win32-x64': 0.21.5
    dev: true

  /estree-walker@2.0.2:
    resolution: {integrity: sha512-Rfkk/Mp/DL7JVje3u18FxFujQlTNR2q6QfMSMB7AvCBx91NGj/ba3kCfza0f6dVDbw7YlRf/nDrn7pQrCCyQ/w==}

  /eventemitter3@5.0.1:
    resolution: {integrity: sha512-GWkBvjiSZK87ELrYOSESUYeVIc9mvLLf/nXalMOS5dYrgZq9o5OVkbZAVM06CVxYsCwH9BDZFPlQTlPA1j4ahA==}
    dev: false

  /ezuikit-js@8.2.4-beta.2:
    resolution: {integrity: sha512-qiODnsBNwGnH3GfsnTdWiE8Dv5JRFdM6Ujq1or3Q8BqLd5yK+ayFMdczmByHU7edxt5CtYEk/DVYG3BaUCr/1w==}
    dependencies:
      '@ezuikit/player-ezopen': 8.2.5-beta.3
      '@ezuikit/utils-collect': 0.1.1
      '@ezuikit/utils-i18n': 2.0.0
      '@ezuikit/utils-logger': 2.0.0
      '@ezuikit/utils-tools': 2.0.1
      '@juggle/resize-observer': 3.4.0
      '@skax/delegate': 4.0.2
      abortcontroller-polyfill: 1.7.8
      debounce-promise: 3.1.2
      deepmerge: 4.3.1
      formdata-polyfill: 4.0.10
      screenfull: 5.2.0
    dev: false

  /fetch-blob@3.2.0:
    resolution: {integrity: sha512-7yAQpD2UMJzLi1Dqv7qFYnPbaPx7ZfFK6PiIxQ4PfkGPyNyl2Ugx+a/umUonmKqjhM4DnfbMvdX6otXq83soQQ==}
    engines: {node: ^12.20 || >= 14.13}
    dependencies:
      node-domexception: 1.0.0
      web-streams-polyfill: 3.3.3
    dev: false

  /formdata-polyfill@4.0.10:
    resolution: {integrity: sha512-buewHzMvYL29jdeQTVILecSaZKnt/RJWjoZCF5OW60Z67/GmSLBkOFM7qh1PI3zFNtJbaZL5eQu1vLfazOwj4g==}
    engines: {node: '>=12.20.0'}
    dependencies:
      fetch-blob: 3.2.0
    dev: false

  /fsevents@2.3.3:
    resolution: {integrity: sha512-5xoDfX+fL7faATnagmWPpbFtwh/R77WmMMqqHGS65C3vvB0YHrgF+B1YmZ3441tMj5n63k0212XNoJwzlhffQw==}
    engines: {node: ^8.16.0 || ^10.6.0 || >=11.0.0}
    os: [darwin]
    requiresBuild: true
    dev: true
    optional: true

  /he@1.2.0:
    resolution: {integrity: sha512-F/1DnUGPopORZi0ni+CvrCgHQ5FyEAHRLSApuYWMmrbSwoN2Mn/7k+Gl38gJnR7yyDZk6WLXwiGod1JOWNDKGw==}
    hasBin: true
    dev: true

  /magic-string@0.30.21:
    resolution: {integrity: sha512-vd2F4YUyEXKGcLHoq+TEyCjxueSeHnFxyyjNp80yg0XV4vUhnDer/lvvlqM/arB5bXQN5K2/3oinyCRyx8T2CQ==}
    dependencies:
      '@jridgewell/sourcemap-codec': 1.5.5

  /minimatch@9.0.5:
    resolution: {integrity: sha512-G6T0ZX48xgozx7587koeX9Ys2NYy6Gmv//P89sEte9V9whIapMNF4idKxnW2QtCcLiTWlb/wfCabAtAFWhhBow==}
    engines: {node: '>=16 || 14 >=14.17'}
    dependencies:
      brace-expansion: 2.0.2
    dev: true

  /muggle-string@0.4.1:
    resolution: {integrity: sha512-VNTrAak/KhO2i8dqqnqnAHOa3cYBwXEZe9h+D5h/1ZqFSTEFHdM65lR7RoIqq3tBBYavsOXV84NoHXZ0AkPyqQ==}
    dev: true

  /nanoid@3.3.11:
    resolution: {integrity: sha512-N8SpfPUnUp1bK+PMYW8qSWdl9U+wwNWI4QKxOYDy9JAro3WMX7p2OeVRF9v+347pnakNevPmiHhNmZ2HbFA76w==}
    engines: {node: ^10 || ^12 || ^13.7 || ^14 || >=15.0.1}
    hasBin: true

  /node-domexception@1.0.0:
    resolution: {integrity: sha512-/jKZoMpw0F8GRwl4/eLROPA3cfcXtLApP0QzLmUT/HuPCZWyB7IY9ZrMeKw2O/nFIqPQB3PVM9aYm0F312AXDQ==}
    engines: {node: '>=10.5.0'}
    deprecated: Use your platform's native DOMException instead
    dev: false

  /path-browserify@1.0.1:
    resolution: {integrity: sha512-b7uo2UCUOYZcnF/3ID0lulOJi/bafxa1xPe7ZPsammBSpjSWQkjNxlt635YGS2MiR9GjvuXCtz2emr3jbsz98g==}
    dev: true

  /picocolors@1.1.1:
    resolution: {integrity: sha512-xceH2snhtb5M9liqDsmEw56le376mTZkEX/jEb/RxNFyegNul7eNslCXP9FDj/Lcu0X8KEyMceP2ntpaHrDEVA==}

  /postcss@8.5.6:
    resolution: {integrity: sha512-3Ybi1tAuwAP9s0r1UQ2J4n5Y0G05bJkpUIO0/bI9MhwmD70S5aTWbXGBwxHrelT+XM1k6dM0pk+SwNkpTRN7Pg==}
    engines: {node: ^10 || ^12 || >=14}
    dependencies:
      nanoid: 3.3.11
      picocolors: 1.1.1
      source-map-js: 1.2.1

  /rollup@4.52.5:
    resolution: {integrity: sha512-3GuObel8h7Kqdjt0gxkEzaifHTqLVW56Y/bjN7PSQtkKr0w3V/QYSdt6QWYtd7A1xUtYQigtdUfgj1RvWVtorw==}
    engines: {node: '>=18.0.0', npm: '>=8.0.0'}
    hasBin: true
    dependencies:
      '@types/estree': 1.0.8
    optionalDependencies:
      '@rollup/rollup-android-arm-eabi': 4.52.5
      '@rollup/rollup-android-arm64': 4.52.5
      '@rollup/rollup-darwin-arm64': 4.52.5
      '@rollup/rollup-darwin-x64': 4.52.5
      '@rollup/rollup-freebsd-arm64': 4.52.5
      '@rollup/rollup-freebsd-x64': 4.52.5
      '@rollup/rollup-linux-arm-gnueabihf': 4.52.5
      '@rollup/rollup-linux-arm-musleabihf': 4.52.5
      '@rollup/rollup-linux-arm64-gnu': 4.52.5
      '@rollup/rollup-linux-arm64-musl': 4.52.5
      '@rollup/rollup-linux-loong64-gnu': 4.52.5
      '@rollup/rollup-linux-ppc64-gnu': 4.52.5
      '@rollup/rollup-linux-riscv64-gnu': 4.52.5
      '@rollup/rollup-linux-riscv64-musl': 4.52.5
      '@rollup/rollup-linux-s390x-gnu': 4.52.5
      '@rollup/rollup-linux-x64-gnu': 4.52.5
      '@rollup/rollup-linux-x64-musl': 4.52.5
      '@rollup/rollup-openharmony-arm64': 4.52.5
      '@rollup/rollup-win32-arm64-msvc': 4.52.5
      '@rollup/rollup-win32-ia32-msvc': 4.52.5
      '@rollup/rollup-win32-x64-gnu': 4.52.5
      '@rollup/rollup-win32-x64-msvc': 4.52.5
      fsevents: 2.3.3
    dev: true

  /screenfull@5.2.0:
    resolution: {integrity: sha512-9BakfsO2aUQN2K9Fdbj87RJIEZ82Q9IGim7FqM5OsebfoFC6ZHXgDq/KvniuLTPdeM8wY2o6Dj3WQ7KeQCj3cA==}
    engines: {node: '>=0.10.0'}
    dev: false

  /semver@7.7.3:
    resolution: {integrity: sha512-SdsKMrI9TdgjdweUSR9MweHA4EJ8YxHn8DFaDisvhVlUOe4BF1tLD7GAj0lIqWVl+dPb/rExr0Btby5loQm20Q==}
    engines: {node: '>=10'}
    hasBin: true
    dev: true

  /source-map-js@1.2.1:
    resolution: {integrity: sha512-UXWMKhLOwVKb728IUtQPXxfYU+usdybtUrK/8uGE8CQMvrhOpwvzDBwj0QhSL7MQc7vIsISBG8VQ8+IDQxpfQA==}
    engines: {node: '>=0.10.0'}

  /source-map-support@0.5.21:
    resolution: {integrity: sha512-uBHU3L3czsIyYXKX88fdrGovxdSCoTGDRZ6SYXtSRxLZUzHg5P/66Ht6uoUlHu9EZod+inXhKo3qQgwXUT/y1w==}
    dependencies:
      buffer-from: 1.1.2
      source-map: 0.6.1
    dev: true

  /source-map@0.6.1:
    resolution: {integrity: sha512-UjgapumWlbMhkBgzT7Ykc5YXUT46F0iKu8SGXq0bcwP5dz/h0Plj6enJqjz1Zbq2l5WaqYnrVbwWOWMyF3F47g==}
    engines: {node: '>=0.10.0'}
    dev: true

  /terser@5.44.1:
    resolution: {integrity: sha512-t/R3R/n0MSwnnazuPpPNVO60LX0SKL45pyl9YlvxIdkH0Of7D5qM2EVe+yASRIlY5pZ73nclYJfNANGWPwFDZw==}
    engines: {node: '>=10'}
    hasBin: true
    dependencies:
      '@jridgewell/source-map': 0.3.11
      acorn: 8.15.0
      commander: 2.20.3
      source-map-support: 0.5.21
    dev: true

  /typescript@5.9.3:
    resolution: {integrity: sha512-jl1vZzPDinLr9eUt3J/t7V6FgNEw9QjvBPdysz9KfQDD41fQrC2Y4vKQdiaUpFT4bXlb1RHhLpp8wtm6M5TgSw==}
    engines: {node: '>=14.17'}
    hasBin: true

  /ua-parser-js@1.0.37:
    resolution: {integrity: sha512-bhTyI94tZofjo+Dn8SN6Zv8nBDvyXTymAdM3LDI/0IboIUwTu1rEhW7v2TfiVsoYWgkQ4kOVqnI8APUFbIQIFQ==}
    dev: false

  /vite@5.4.0(terser@5.44.1):
    resolution: {integrity: sha512-5xokfMX0PIiwCMCMb9ZJcMyh5wbBun0zUzKib+L65vAZ8GY9ePZMXxFrHbr/Kyll2+LSCY7xtERPpxkBDKngwg==}
    engines: {node: ^18.0.0 || >=20.0.0}
    hasBin: true
    peerDependencies:
      '@types/node': ^18.0.0 || >=20.0.0
      less: '*'
      lightningcss: ^1.21.0
      sass: '*'
      sass-embedded: '*'
      stylus: '*'
      sugarss: '*'
      terser: ^5.4.0
    peerDependenciesMeta:
      '@types/node':
        optional: true
      less:
        optional: true
      lightningcss:
        optional: true
      sass:
        optional: true
      sass-embedded:
        optional: true
      stylus:
        optional: true
      sugarss:
        optional: true
      terser:
        optional: true
    dependencies:
      esbuild: 0.21.5
      postcss: 8.5.6
      rollup: 4.52.5
      terser: 5.44.1
    optionalDependencies:
      fsevents: 2.3.3
    dev: true

  /vscode-uri@3.1.0:
    resolution: {integrity: sha512-/BpdSx+yCQGnCvecbyXdxHDkuk55/G3xwnC0GqY4gmQ3j+A+g8kzzgB4Nk/SINjqn6+waqw3EgbVF2QKExkRxQ==}
    dev: true

  /vue-tsc@2.0.29(typescript@5.9.3):
    resolution: {integrity: sha512-MHhsfyxO3mYShZCGYNziSbc63x7cQ5g9kvijV7dRe1TTXBRLxXyL0FnXWpUF1xII2mJ86mwYpYsUmMwkmerq7Q==}
    hasBin: true
    peerDependencies:
      typescript: '>=5.0.0'
    dependencies:
      '@volar/typescript': 2.4.23
      '@vue/language-core': 2.0.29(typescript@5.9.3)
      semver: 7.7.3
      typescript: 5.9.3
    dev: true

  /vue@3.4.37(typescript@5.9.3):
    resolution: {integrity: sha512-3vXvNfkKTBsSJ7JP+LyR7GBuwQuckbWvuwAid3xbqK9ppsKt/DUvfqgZ48fgOLEfpy1IacL5f8QhUVl77RaI7A==}
    peerDependencies:
      typescript: '*'
    peerDependenciesMeta:
      typescript:
        optional: true
    dependencies:
      '@vue/compiler-dom': 3.4.37
      '@vue/compiler-sfc': 3.4.37
      '@vue/runtime-dom': 3.4.37
      '@vue/server-renderer': 3.4.37(vue@3.4.37)
      '@vue/shared': 3.4.37
      typescript: 5.9.3

  /web-streams-polyfill@3.3.3:
    resolution: {integrity: sha512-d2JWLCivmZYTSIoge9MsgFCZrt571BikcWGYkjC1khllbTeDlGqZ2D8vD8E/lJa8WGWbb7Plm8/XJYV7IJHZZw==}
    engines: {node: '>= 8'}
    dev: false
